
Microsoft Visual Studio Solution File, Format Version 12.00
# Visual Studio 15
VisualStudioVersion = 15.0.26206.0
MinimumVisualStudioVersion = 10.0.40219.1
Project("{2150E333-8FDC-42A3-9474-1A3956D46DE8}") = "src", "src", "{F141E2D0-F9B8-4ADB-A19A-7B6FF4CA19A1}"
EndProject
Project("{2150E333-8FDC-42A3-9474-1A3956D46DE8}") = "test", "test", "{B54371FF-B920-46C8-8D55-6B19DBB43EBF}"
EndProject
Project("{FAE04EC0-301F-11D3-BF4B-00C04F79EFBC}") = "KPlant.Sequence.Model", "src\KPlant.Sequence.Model\KPlant.Sequence.Model.csproj", "{020EE90E-A0B6-464A-9184-B5D841C91931}"
EndProject
Project("{9A19103F-16F7-4668-BE54-9A1E7A4F7556}") = "KPlant.Sequence.Abstractions", "src\KPlant.Sequence.Abstractions\KPlant.Sequence.Abstractions.csproj", "{09F59A52-7642-4C43-9BA2-D142E13A3892}"
EndProject
Project("{2150E333-8FDC-42A3-9474-1A3956D46DE8}") = "Solution Items", "Solution Items", "{D13BE4F7-2330-4AB6-8953-209F7A587835}"
	ProjectSection(SolutionItems) = preProject
		NuGet.Config = NuGet.Config
	EndProjectSection
EndProject
Project("{FAE04EC0-301F-11D3-BF4B-00C04F79EFBC}") = "KPlant.Sequence.Model.UnitTests", "test\KPlant.Sequence.Model.UnitTests\KPlant.Sequence.Model.UnitTests.csproj", "{4489CD6A-1D1E-4CBB-AB49-08C3F4D6CACB}"
EndProject
Project("{FAE04EC0-301F-11D3-BF4B-00C04F79EFBC}") = "KPlant.Rendering", "src\KPlant.Rendering\KPlant.Rendering.csproj", "{955B5882-280E-4EDE-BC9D-1B5F0EC706CD}"
EndProject
Project("{2150E333-8FDC-42A3-9474-1A3956D46DE8}") = "Sequence", "Sequence", "{CC8A7EBC-F8A2-4F58-BC79-B99529F23432}"
EndProject
Project("{2150E333-8FDC-42A3-9474-1A3956D46DE8}") = "Sequence", "Sequence", "{8F2AA7C1-77E1-42A4-AC4F-95F56026C325}"
EndProject
Project("{FAE04EC0-301F-11D3-BF4B-00C04F79EFBC}") = "KPlant.Rendering.UnitTests", "test\KPlant.Rendering.UnitTests\KPlant.Rendering.UnitTests.csproj", "{74C7ECF0-75E9-4F91-860E-85FC6703DC5B}"
EndProject
Project("{FAE04EC0-301F-11D3-BF4B-00C04F79EFBC}") = "KPlant.Core", "src\KPlant.Core\KPlant.Core.csproj", "{320CAEA8-768C-41E1-A3FE-F22347DD039C}"
EndProject
Project("{FAE04EC0-301F-11D3-BF4B-00C04F79EFBC}") = "KPlant.Sequence.IntegrationTests", "test\KPlant.Sequence.IntegrationTests\KPlant.Sequence.IntegrationTests.csproj", "{34608BD9-B317-4C60-9004-AE78B3987656}"
EndProject
Project("{FAE04EC0-301F-11D3-BF4B-00C04F79EFBC}") = "KPlant.Tests.Core", "test\KPlant.Tests.Core\KPlant.Tests.Core.csproj", "{246CBB83-B146-495B-A7F1-F9A2F0793FAF}"
EndProject
Global
	GlobalSection(SolutionConfigurationPlatforms) = preSolution
		Debug|Any CPU = Debug|Any CPU
		Debug|x64 = Debug|x64
		Debug|x86 = Debug|x86
		Release|Any CPU = Release|Any CPU
		Release|x64 = Release|x64
		Release|x86 = Release|x86
	EndGlobalSection
	GlobalSection(ProjectConfigurationPlatforms) = postSolution
		{020EE90E-A0B6-464A-9184-B5D841C91931}.Debug|Any CPU.ActiveCfg = Debug|Any CPU
		{020EE90E-A0B6-464A-9184-B5D841C91931}.Debug|Any CPU.Build.0 = Debug|Any CPU
		{020EE90E-A0B6-464A-9184-B5D841C91931}.Debug|x64.ActiveCfg = Debug|x64
		{020EE90E-A0B6-464A-9184-B5D841C91931}.Debug|x64.Build.0 = Debug|x64
		{020EE90E-A0B6-464A-9184-B5D841C91931}.Debug|x86.ActiveCfg = Debug|x86
		{020EE90E-A0B6-464A-9184-B5D841C91931}.Debug|x86.Build.0 = Debug|x86
		{020EE90E-A0B6-464A-9184-B5D841C91931}.Release|Any CPU.ActiveCfg = Release|Any CPU
		{020EE90E-A0B6-464A-9184-B5D841C91931}.Release|Any CPU.Build.0 = Release|Any CPU
		{020EE90E-A0B6-464A-9184-B5D841C91931}.Release|x64.ActiveCfg = Release|x64
		{020EE90E-A0B6-464A-9184-B5D841C91931}.Release|x64.Build.0 = Release|x64
		{020EE90E-A0B6-464A-9184-B5D841C91931}.Release|x86.ActiveCfg = Release|x86
		{020EE90E-A0B6-464A-9184-B5D841C91931}.Release|x86.Build.0 = Release|x86
		{09F59A52-7642-4C43-9BA2-D142E13A3892}.Debug|Any CPU.ActiveCfg = Debug|Any CPU
		{09F59A52-7642-4C43-9BA2-D142E13A3892}.Debug|Any CPU.Build.0 = Debug|Any CPU
		{09F59A52-7642-4C43-9BA2-D142E13A3892}.Debug|x64.ActiveCfg = Debug|x64
		{09F59A52-7642-4C43-9BA2-D142E13A3892}.Debug|x64.Build.0 = Debug|x64
		{09F59A52-7642-4C43-9BA2-D142E13A3892}.Debug|x86.ActiveCfg = Debug|x86
		{09F59A52-7642-4C43-9BA2-D142E13A3892}.Debug|x86.Build.0 = Debug|x86
		{09F59A52-7642-4C43-9BA2-D142E13A3892}.Release|Any CPU.ActiveCfg = Release|Any CPU
		{09F59A52-7642-4C43-9BA2-D142E13A3892}.Release|Any CPU.Build.0 = Release|Any CPU
		{09F59A52-7642-4C43-9BA2-D142E13A3892}.Release|x64.ActiveCfg = Release|x64
		{09F59A52-7642-4C43-9BA2-D142E13A3892}.Release|x64.Build.0 = Release|x64
		{09F59A52-7642-4C43-9BA2-D142E13A3892}.Release|x86.ActiveCfg = Release|x86
		{09F59A52-7642-4C43-9BA2-D142E13A3892}.Release|x86.Build.0 = Release|x86
		{4489CD6A-1D1E-4CBB-AB49-08C3F4D6CACB}.Debug|Any CPU.ActiveCfg = Debug|Any CPU
		{4489CD6A-1D1E-4CBB-AB49-08C3F4D6CACB}.Debug|Any CPU.Build.0 = Debug|Any CPU
		{4489CD6A-1D1E-4CBB-AB49-08C3F4D6CACB}.Debug|x64.ActiveCfg = Debug|x64
		{4489CD6A-1D1E-4CBB-AB49-08C3F4D6CACB}.Debug|x64.Build.0 = Debug|x64
		{4489CD6A-1D1E-4CBB-AB49-08C3F4D6CACB}.Debug|x86.ActiveCfg = Debug|x86
		{4489CD6A-1D1E-4CBB-AB49-08C3F4D6CACB}.Debug|x86.Build.0 = Debug|x86
		{4489CD6A-1D1E-4CBB-AB49-08C3F4D6CACB}.Release|Any CPU.ActiveCfg = Release|Any CPU
		{4489CD6A-1D1E-4CBB-AB49-08C3F4D6CACB}.Release|Any CPU.Build.0 = Release|Any CPU
		{4489CD6A-1D1E-4CBB-AB49-08C3F4D6CACB}.Release|x64.ActiveCfg = Release|x64
		{4489CD6A-1D1E-4CBB-AB49-08C3F4D6CACB}.Release|x64.Build.0 = Release|x64
		{4489CD6A-1D1E-4CBB-AB49-08C3F4D6CACB}.Release|x86.ActiveCfg = Release|x86
		{4489CD6A-1D1E-4CBB-AB49-08C3F4D6CACB}.Release|x86.Build.0 = Release|x86
		{955B5882-280E-4EDE-BC9D-1B5F0EC706CD}.Debug|Any CPU.ActiveCfg = Debug|Any CPU
		{955B5882-280E-4EDE-BC9D-1B5F0EC706CD}.Debug|Any CPU.Build.0 = Debug|Any CPU
		{955B5882-280E-4EDE-BC9D-1B5F0EC706CD}.Debug|x64.ActiveCfg = Debug|x64
		{955B5882-280E-4EDE-BC9D-1B5F0EC706CD}.Debug|x64.Build.0 = Debug|x64
		{955B5882-280E-4EDE-BC9D-1B5F0EC706CD}.Debug|x86.ActiveCfg = Debug|x86
		{955B5882-280E-4EDE-BC9D-1B5F0EC706CD}.Debug|x86.Build.0 = Debug|x86
		{955B5882-280E-4EDE-BC9D-1B5F0EC706CD}.Release|Any CPU.ActiveCfg = Release|Any CPU
		{955B5882-280E-4EDE-BC9D-1B5F0EC706CD}.Release|Any CPU.Build.0 = Release|Any CPU
		{955B5882-280E-4EDE-BC9D-1B5F0EC706CD}.Release|x64.ActiveCfg = Release|x64
		{955B5882-280E-4EDE-BC9D-1B5F0EC706CD}.Release|x64.Build.0 = Release|x64
		{955B5882-280E-4EDE-BC9D-1B5F0EC706CD}.Release|x86.ActiveCfg = Release|x86
		{955B5882-280E-4EDE-BC9D-1B5F0EC706CD}.Release|x86.Build.0 = Release|x86
		{74C7ECF0-75E9-4F91-860E-85FC6703DC5B}.Debug|Any CPU.ActiveCfg = Debug|Any CPU
		{74C7ECF0-75E9-4F91-860E-85FC6703DC5B}.Debug|Any CPU.Build.0 = Debug|Any CPU
		{74C7ECF0-75E9-4F91-860E-85FC6703DC5B}.Debug|x64.ActiveCfg = Debug|x64
		{74C7ECF0-75E9-4F91-860E-85FC6703DC5B}.Debug|x64.Build.0 = Debug|x64
		{74C7ECF0-75E9-4F91-860E-85FC6703DC5B}.Debug|x86.ActiveCfg = Debug|x86
		{74C7ECF0-75E9-4F91-860E-85FC6703DC5B}.Debug|x86.Build.0 = Debug|x86
		{74C7ECF0-75E9-4F91-860E-85FC6703DC5B}.Release|Any CPU.ActiveCfg = Release|Any CPU
		{74C7ECF0-75E9-4F91-860E-85FC6703DC5B}.Release|Any CPU.Build.0 = Release|Any CPU
		{74C7ECF0-75E9-4F91-860E-85FC6703DC5B}.Release|x64.ActiveCfg = Release|x64
		{74C7ECF0-75E9-4F91-860E-85FC6703DC5B}.Release|x64.Build.0 = Release|x64
		{74C7ECF0-75E9-4F91-860E-85FC6703DC5B}.Release|x86.ActiveCfg = Release|x86
		{74C7ECF0-75E9-4F91-860E-85FC6703DC5B}.Release|x86.Build.0 = Release|x86
		{320CAEA8-768C-41E1-A3FE-F22347DD039C}.Debug|Any CPU.ActiveCfg = Debug|Any CPU
		{320CAEA8-768C-41E1-A3FE-F22347DD039C}.Debug|Any CPU.Build.0 = Debug|Any CPU
		{320CAEA8-768C-41E1-A3FE-F22347DD039C}.Debug|x64.ActiveCfg = Debug|x64
		{320CAEA8-768C-41E1-A3FE-F22347DD039C}.Debug|x64.Build.0 = Debug|x64
		{320CAEA8-768C-41E1-A3FE-F22347DD039C}.Debug|x86.ActiveCfg = Debug|x86
		{320CAEA8-768C-41E1-A3FE-F22347DD039C}.Debug|x86.Build.0 = Debug|x86
		{320CAEA8-768C-41E1-A3FE-F22347DD039C}.Release|Any CPU.ActiveCfg = Release|Any CPU
		{320CAEA8-768C-41E1-A3FE-F22347DD039C}.Release|Any CPU.Build.0 = Release|Any CPU
		{320CAEA8-768C-41E1-A3FE-F22347DD039C}.Release|x64.ActiveCfg = Release|x64
		{320CAEA8-768C-41E1-A3FE-F22347DD039C}.Release|x64.Build.0 = Release|x64
		{320CAEA8-768C-41E1-A3FE-F22347DD039C}.Release|x86.ActiveCfg = Release|x86
		{320CAEA8-768C-41E1-A3FE-F22347DD039C}.Release|x86.Build.0 = Release|x86
		{34608BD9-B317-4C60-9004-AE78B3987656}.Debug|Any CPU.ActiveCfg = Debug|Any CPU
		{34608BD9-B317-4C60-9004-AE78B3987656}.Debug|Any CPU.Build.0 = Debug|Any CPU
		{34608BD9-B317-4C60-9004-AE78B3987656}.Debug|x64.ActiveCfg = Debug|x64
		{34608BD9-B317-4C60-9004-AE78B3987656}.Debug|x64.Build.0 = Debug|x64
		{34608BD9-B317-4C60-9004-AE78B3987656}.Debug|x86.ActiveCfg = Debug|x86
		{34608BD9-B317-4C60-9004-AE78B3987656}.Debug|x86.Build.0 = Debug|x86
		{34608BD9-B317-4C60-9004-AE78B3987656}.Release|Any CPU.ActiveCfg = Release|Any CPU
		{34608BD9-B317-4C60-9004-AE78B3987656}.Release|Any CPU.Build.0 = Release|Any CPU
		{34608BD9-B317-4C60-9004-AE78B3987656}.Release|x64.ActiveCfg = Release|x64
		{34608BD9-B317-4C60-9004-AE78B3987656}.Release|x64.Build.0 = Release|x64
		{34608BD9-B317-4C60-9004-AE78B3987656}.Release|x86.ActiveCfg = Release|x86
		{34608BD9-B317-4C60-9004-AE78B3987656}.Release|x86.Build.0 = Release|x86
		{246CBB83-B146-495B-A7F1-F9A2F0793FAF}.Debug|Any CPU.ActiveCfg = Debug|Any CPU
		{246CBB83-B146-495B-A7F1-F9A2F0793FAF}.Debug|Any CPU.Build.0 = Debug|Any CPU
		{246CBB83-B146-495B-A7F1-F9A2F0793FAF}.Debug|x64.ActiveCfg = Debug|x64
		{246CBB83-B146-495B-A7F1-F9A2F0793FAF}.Debug|x64.Build.0 = Debug|x64
		{246CBB83-B146-495B-A7F1-F9A2F0793FAF}.Debug|x86.ActiveCfg = Debug|x86
		{246CBB83-B146-495B-A7F1-F9A2F0793FAF}.Debug|x86.Build.0 = Debug|x86
		{246CBB83-B146-495B-A7F1-F9A2F0793FAF}.Release|Any CPU.ActiveCfg = Release|Any CPU
		{246CBB83-B146-495B-A7F1-F9A2F0793FAF}.Release|Any CPU.Build.0 = Release|Any CPU
		{246CBB83-B146-495B-A7F1-F9A2F0793FAF}.Release|x64.ActiveCfg = Release|x64
		{246CBB83-B146-495B-A7F1-F9A2F0793FAF}.Release|x64.Build.0 = Release|x64
		{246CBB83-B146-495B-A7F1-F9A2F0793FAF}.Release|x86.ActiveCfg = Release|x86
		{246CBB83-B146-495B-A7F1-F9A2F0793FAF}.Release|x86.Build.0 = Release|x86
	EndGlobalSection
	GlobalSection(SolutionProperties) = preSolution
		HideSolutionNode = FALSE
	EndGlobalSection
	GlobalSection(NestedProjects) = preSolution
		{020EE90E-A0B6-464A-9184-B5D841C91931} = {CC8A7EBC-F8A2-4F58-BC79-B99529F23432}
		{09F59A52-7642-4C43-9BA2-D142E13A3892} = {CC8A7EBC-F8A2-4F58-BC79-B99529F23432}
		{4489CD6A-1D1E-4CBB-AB49-08C3F4D6CACB} = {8F2AA7C1-77E1-42A4-AC4F-95F56026C325}
		{955B5882-280E-4EDE-BC9D-1B5F0EC706CD} = {F141E2D0-F9B8-4ADB-A19A-7B6FF4CA19A1}
		{CC8A7EBC-F8A2-4F58-BC79-B99529F23432} = {F141E2D0-F9B8-4ADB-A19A-7B6FF4CA19A1}
		{8F2AA7C1-77E1-42A4-AC4F-95F56026C325} = {B54371FF-B920-46C8-8D55-6B19DBB43EBF}
		{74C7ECF0-75E9-4F91-860E-85FC6703DC5B} = {B54371FF-B920-46C8-8D55-6B19DBB43EBF}
		{320CAEA8-768C-41E1-A3FE-F22347DD039C} = {F141E2D0-F9B8-4ADB-A19A-7B6FF4CA19A1}
		{34608BD9-B317-4C60-9004-AE78B3987656} = {8F2AA7C1-77E1-42A4-AC4F-95F56026C325}
		{246CBB83-B146-495B-A7F1-F9A2F0793FAF} = {B54371FF-B920-46C8-8D55-6B19DBB43EBF}
	EndGlobalSection
EndGlobal
