
Microsoft Visual Studio Solution File, Format Version 12.00
# Visual Studio 15
VisualStudioVersion = 15.0.26206.0
MinimumVisualStudioVersion = 10.0.40219.1
Project("{2150E333-8FDC-42A3-9474-1A3956D46DE8}") = "src", "src", "{F141E2D0-F9B8-4ADB-A19A-7B6FF4CA19A1}"
EndProject
Project("{2150E333-8FDC-42A3-9474-1A3956D46DE8}") = "test", "test", "{B54371FF-B920-46C8-8D55-6B19DBB43EBF}"
EndProject
Project("{FAE04EC0-301F-11D3-BF4B-00C04F79EFBC}") = "KPlant.Sequence.Model", "src\KPlant.Sequence.Model\KPlant.Sequence.Model.csproj", "{020EE90E-A0B6-464A-9184-B5D841C91931}"
EndProject
Project("{9A19103F-16F7-4668-BE54-9A1E7A4F7556}") = "KPlant.Sequence.Abstractions", "src\KPlant.Sequence.Abstractions\KPlant.Sequence.Abstractions.csproj", "{09F59A52-7642-4C43-9BA2-D142E13A3892}"
EndProject
Project("{2150E333-8FDC-42A3-9474-1A3956D46DE8}") = "Solution Items", "Solution Items", "{D13BE4F7-2330-4AB6-8953-209F7A587835}"
	ProjectSection(SolutionItems) = preProject
		NuGet.Config = NuGet.Config
	EndProjectSection
EndProject
Global
	GlobalSection(SolutionConfigurationPlatforms) = preSolution
		Debug|Any CPU = Debug|Any CPU
		Debug|x64 = Debug|x64
		Debug|x86 = Debug|x86
		Release|Any CPU = Release|Any CPU
		Release|x64 = Release|x64
		Release|x86 = Release|x86
	EndGlobalSection
	GlobalSection(ProjectConfigurationPlatforms) = postSolution
		{020EE90E-A0B6-464A-9184-B5D841C91931}.Debug|Any CPU.ActiveCfg = Debug|Any CPU
		{020EE90E-A0B6-464A-9184-B5D841C91931}.Debug|Any CPU.Build.0 = Debug|Any CPU
		{020EE90E-A0B6-464A-9184-B5D841C91931}.Debug|x64.ActiveCfg = Debug|x64
		{020EE90E-A0B6-464A-9184-B5D841C91931}.Debug|x64.Build.0 = Debug|x64
		{020EE90E-A0B6-464A-9184-B5D841C91931}.Debug|x86.ActiveCfg = Debug|x86
		{020EE90E-A0B6-464A-9184-B5D841C91931}.Debug|x86.Build.0 = Debug|x86
		{020EE90E-A0B6-464A-9184-B5D841C91931}.Release|Any CPU.ActiveCfg = Release|Any CPU
		{020EE90E-A0B6-464A-9184-B5D841C91931}.Release|Any CPU.Build.0 = Release|Any CPU
		{020EE90E-A0B6-464A-9184-B5D841C91931}.Release|x64.ActiveCfg = Release|x64
		{020EE90E-A0B6-464A-9184-B5D841C91931}.Release|x64.Build.0 = Release|x64
		{020EE90E-A0B6-464A-9184-B5D841C91931}.Release|x86.ActiveCfg = Release|x86
		{020EE90E-A0B6-464A-9184-B5D841C91931}.Release|x86.Build.0 = Release|x86
		{09F59A52-7642-4C43-9BA2-D142E13A3892}.Debug|Any CPU.ActiveCfg = Debug|Any CPU
		{09F59A52-7642-4C43-9BA2-D142E13A3892}.Debug|Any CPU.Build.0 = Debug|Any CPU
		{09F59A52-7642-4C43-9BA2-D142E13A3892}.Debug|x64.ActiveCfg = Debug|x64
		{09F59A52-7642-4C43-9BA2-D142E13A3892}.Debug|x64.Build.0 = Debug|x64
		{09F59A52-7642-4C43-9BA2-D142E13A3892}.Debug|x86.ActiveCfg = Debug|x86
		{09F59A52-7642-4C43-9BA2-D142E13A3892}.Debug|x86.Build.0 = Debug|x86
		{09F59A52-7642-4C43-9BA2-D142E13A3892}.Release|Any CPU.ActiveCfg = Release|Any CPU
		{09F59A52-7642-4C43-9BA2-D142E13A3892}.Release|Any CPU.Build.0 = Release|Any CPU
		{09F59A52-7642-4C43-9BA2-D142E13A3892}.Release|x64.ActiveCfg = Release|x64
		{09F59A52-7642-4C43-9BA2-D142E13A3892}.Release|x64.Build.0 = Release|x64
		{09F59A52-7642-4C43-9BA2-D142E13A3892}.Release|x86.ActiveCfg = Release|x86
		{09F59A52-7642-4C43-9BA2-D142E13A3892}.Release|x86.Build.0 = Release|x86
	EndGlobalSection
	GlobalSection(SolutionProperties) = preSolution
		HideSolutionNode = FALSE
	EndGlobalSection
	GlobalSection(NestedProjects) = preSolution
		{020EE90E-A0B6-464A-9184-B5D841C91931} = {F141E2D0-F9B8-4ADB-A19A-7B6FF4CA19A1}
		{09F59A52-7642-4C43-9BA2-D142E13A3892} = {F141E2D0-F9B8-4ADB-A19A-7B6FF4CA19A1}
	EndGlobalSection
EndGlobal
